version = 1
revision = 3
requires-python = ">=3.14"

[[package]]
name = "aiohttp"
version = "3.9.4"
source = { registry = "https://pypi.org/simple" }
dependencies = [
    { name = "aiosignal" },
    { name = "attrs" },
    { name = "frozenlist" },
    { name = "multidict" },
    { name = "yarl" },
]
sdist = { url = "https://files.pythonhosted.org/packages/7e/0b/4235b25496c741f4c9f75a94951fbc15c48537349a03448687fb226256ef/aiohttp-3.9.4.tar.gz", hash = "sha256:6ff71ede6d9a5a58cfb7b6fffc83ab5d4a63138276c771ac91ceaaddf5459644", size = 7500720, upload-time = "2024-04-11T19:16:19.09Z" }

[[package]]
name = "aiosignal"
version = "1.3.1"
source = { registry = "https://pypi.org/simple" }
dependencies = [
    { name = "frozenlist" },
]
sdist = { url = "https://files.pythonhosted.org/packages/ae/67/0952ed97a9793b4958e5736f6d2b346b414a2cd63e82d05940032f45b32f/aiosignal-1.3.1.tar.gz", hash = "sha256:54cd96e15e1649b75d6c87526a6ff0b6c1b0dd3459f43d9ca11d48c339b68cfc", size = 19422, upload-time = "2022-11-08T16:03:58.806Z" }
wheels = [
    { url = "https://files.pythonhosted.org/packages/76/ac/a7305707cb852b7e16ff80eaf5692309bde30e2b1100a1fcacdc8f731d97/aiosignal-1.3.1-py3-none-any.whl", hash = "sha256:f8376fb07dd1e86a584e4fcdec80b36b7f81aac666ebc724e2c090300dd83b17", size = 7617, upload-time = "2022-11-08T16:03:57.483Z" },
]

[[package]]
name = "attrs"
version = "23.2.0"
source = { registry = "https://pypi.org/simple" }
sdist = { url = "https://files.pythonhosted.org/packages/e3/fc/f800d51204003fa8ae392c4e8278f256206e7a919b708eef054f5f4b650d/attrs-23.2.0.tar.gz", hash = "sha256:935dc3b529c262f6cf76e50877d35a4bd3c1de194fd41f47a2b7ae8f19971f30", size = 780820, upload-time = "2023-12-31T06:30:32.926Z" }
wheels = [
    { url = "https://files.pythonhosted.org/packages/e0/44/827b2a91a5816512fcaf3cc4ebc465ccd5d598c45cefa6703fcf4a79018f/attrs-23.2.0-py3-none-any.whl", hash = "sha256:99b87a485a5820b23b879f04c2305b44b951b502fd64be915879d77a7e8fc6f1", size = 60752, upload-time = "2023-12-31T06:30:30.772Z" },
]

[[package]]
name = "audioop-lts"
version = "0.2.2"
source = { registry = "https://pypi.org/simple" }
sdist = { url = "https://files.pythonhosted.org/packages/38/53/946db57842a50b2da2e0c1e34bd37f36f5aadba1a929a3971c5d7841dbca/audioop_lts-0.2.2.tar.gz", hash = "sha256:64d0c62d88e67b98a1a5e71987b7aa7b5bcffc7dcee65b635823dbdd0a8dbbd0", size = 30686, upload-time = "2025-08-05T16:43:17.409Z" }
wheels = [
    { url = "https://files.pythonhosted.org/packages/de/d4/94d277ca941de5a507b07f0b592f199c22454eeaec8f008a286b3fbbacd6/audioop_lts-0.2.2-cp313-abi3-macosx_10_13_universal2.whl", hash = "sha256:fd3d4602dc64914d462924a08c1a9816435a2155d74f325853c1f1ac3b2d9800", size = 46523, upload-time = "2025-08-05T16:42:20.836Z" },
    { url = "https://files.pythonhosted.org/packages/f8/5a/656d1c2da4b555920ce4177167bfeb8623d98765594af59702c8873f60ec/audioop_lts-0.2.2-cp313-abi3-macosx_10_13_x86_64.whl", hash = "sha256:550c114a8df0aafe9a05442a1162dfc8fec37e9af1d625ae6060fed6e756f303", size = 27455, upload-time = "2025-08-05T16:42:22.283Z" },
    { url = "https://files.pythonhosted.org/packages/1b/83/ea581e364ce7b0d41456fb79d6ee0ad482beda61faf0cab20cbd4c63a541/audioop_lts-0.2.2-cp313-abi3-macosx_11_0_arm64.whl", hash = "sha256:9a13dc409f2564de15dd68be65b462ba0dde01b19663720c68c1140c782d1d75", size = 26997, upload-time = "2025-08-05T16:42:23.849Z" },
    { url = "https://files.pythonhosted.org/packages/b8/3b/e8964210b5e216e5041593b7d33e97ee65967f17c282e8510d19c666dab4/audioop_lts-0.2.2-cp313-abi3-manylinux1_x86_64.manylinux_2_28_x86_64.manylinux_2_5_x86_64.whl", hash = "sha256:51c916108c56aa6e426ce611946f901badac950ee2ddaf302b7ed35d9958970d", size = 85844, upload-time = "2025-08-05T16:42:25.208Z" },
    { url = "https://files.pythonhosted.org/packages/c7/2e/0a1c52faf10d51def20531a59ce4c706cb7952323b11709e10de324d6493/audioop_lts-0.2.2-cp313-abi3-manylinux2014_aarch64.manylinux_2_17_aarch64.manylinux_2_28_aarch64.whl", hash = "sha256:47eba38322370347b1c47024defbd36374a211e8dd5b0dcbce7b34fdb6f8847b", size = 85056, upload-time = "2025-08-05T16:42:26.559Z" },
    { url = "https://files.pythonhosted.org/packages/75/e8/cd95eef479656cb75ab05dfece8c1f8c395d17a7c651d88f8e6e291a63ab/audioop_lts-0.2.2-cp313-abi3-manylinux2014_ppc64le.manylinux_2_17_ppc64le.manylinux_2_28_ppc64le.whl", hash = "sha256:ba7c3a7e5f23e215cb271516197030c32aef2e754252c4c70a50aaff7031a2c8", size = 93892, upload-time = "2025-08-05T16:42:27.902Z" },
    { url = "https://files.pythonhosted.org/packages/5c/1e/a0c42570b74f83efa5cca34905b3eef03f7ab09fe5637015df538a7f3345/audioop_lts-0.2.2-cp313-abi3-manylinux2014_s390x.manylinux_2_17_s390x.manylinux_2_28_s390x.whl", hash = "sha256:def246fe9e180626731b26e89816e79aae2276f825420a07b4a647abaa84becc", size = 96660, upload-time = "2025-08-05T16:42:28.9Z" },
    { url = "https://files.pythonhosted.org/packages/50/d5/8a0ae607ca07dbb34027bac8db805498ee7bfecc05fd2c148cc1ed7646e7/audioop_lts-0.2.2-cp313-abi3-manylinux_2_31_riscv64.manylinux_2_39_riscv64.whl", hash = "sha256:e160bf9df356d841bb6c180eeeea1834085464626dc1b68fa4e1d59070affdc3", size = 79143, upload-time = "2025-08-05T16:42:29.929Z" },
    { url = "https://files.pythonhosted.org/packages/12/17/0d28c46179e7910bfb0bb62760ccb33edb5de973052cb2230b662c14ca2e/audioop_lts-0.2.2-cp313-abi3-musllinux_1_2_aarch64.whl", hash = "sha256:4b4cd51a57b698b2d06cb9993b7ac8dfe89a3b2878e96bc7948e9f19ff51dba6", size = 84313, upload-time = "2025-08-05T16:42:30.949Z" },
    { url = "https://files.pythonhosted.org/packages/84/ba/bd5d3806641564f2024e97ca98ea8f8811d4e01d9b9f9831474bc9e14f9e/audioop_lts-0.2.2-cp313-abi3-musllinux_1_2_ppc64le.whl", hash = "sha256:4a53aa7c16a60a6857e6b0b165261436396ef7293f8b5c9c828a3a203147ed4a", size = 93044, upload-time = "2025-08-05T16:42:31.959Z" },
    { url = "https://files.pythonhosted.org/packages/f9/5e/435ce8d5642f1f7679540d1e73c1c42d933331c0976eb397d1717d7f01a3/audioop_lts-0.2.2-cp313-abi3-musllinux_1_2_riscv64.whl", hash = "sha256:3fc38008969796f0f689f1453722a0f463da1b8a6fbee11987830bfbb664f623", size = 78766, upload-time = "2025-08-05T16:42:33.302Z" },
    { url = "https://files.pythonhosted.org/packages/ae/3b/b909e76b606cbfd53875693ec8c156e93e15a1366a012f0b7e4fb52d3c34/audioop_lts-0.2.2-cp313-abi3-musllinux_1_2_s390x.whl", hash = "sha256:15ab25dd3e620790f40e9ead897f91e79c0d3ce65fe193c8ed6c26cffdd24be7", size = 87640, upload-time = "2025-08-05T16:42:34.854Z" },
    { url = "https://files.pythonhosted.org/packages/30/e7/8f1603b4572d79b775f2140d7952f200f5e6c62904585d08a01f0a70393a/audioop_lts-0.2.2-cp313-abi3-musllinux_1_2_x86_64.whl", hash = "sha256:03f061a1915538fd96272bac9551841859dbb2e3bf73ebe4a23ef043766f5449", size = 86052, upload-time = "2025-08-05T16:42:35.839Z" },
    { url = "https://files.pythonhosted.org/packages/b5/96/c37846df657ccdda62ba1ae2b6534fa90e2e1b1742ca8dcf8ebd38c53801/audioop_lts-0.2.2-cp313-abi3-win32.whl", hash = "sha256:3bcddaaf6cc5935a300a8387c99f7a7fbbe212a11568ec6cf6e4bc458c048636", size = 26185, upload-time = "2025-08-05T16:42:37.04Z" },
    { url = "https://files.pythonhosted.org/packages/34/a5/9d78fdb5b844a83da8a71226c7bdae7cc638861085fff7a1d707cb4823fa/audioop_lts-0.2.2-cp313-abi3-win_amd64.whl", hash = "sha256:a2c2a947fae7d1062ef08c4e369e0ba2086049a5e598fda41122535557012e9e", size = 30503, upload-time = "2025-08-05T16:42:38.427Z" },
    { url = "https://files.pythonhosted.org/packages/34/25/20d8fde083123e90c61b51afb547bb0ea7e77bab50d98c0ab243d02a0e43/audioop_lts-0.2.2-cp313-abi3-win_arm64.whl", hash = "sha256:5f93a5db13927a37d2d09637ccca4b2b6b48c19cd9eda7b17a2e9f77edee6a6f", size = 24173, upload-time = "2025-08-05T16:42:39.704Z" },
    { url = "https://files.pythonhosted.org/packages/5c/73/413b5a2804091e2c7d5def1d618e4837f1cb82464e230f827226278556b7/audioop_lts-0.2.2-cp314-cp314t-macosx_10_13_universal2.whl", hash = "sha256:f9ee9b52f5f857fbaf9d605a360884f034c92c1c23021fb90b2e39b8e64bede6", size = 47104, upload-time = "2025-08-05T16:42:58.518Z" },
    { url = "https://files.pythonhosted.org/packages/ae/8c/daa3308dc6593944410c2c68306a5e217f5c05b70a12e70228e7dd42dc5c/audioop_lts-0.2.2-cp314-cp314t-macosx_10_13_x86_64.whl", hash = "sha256:49ee1a41738a23e98d98b937a0638357a2477bc99e61b0f768a8f654f45d9b7a", size = 27754, upload-time = "2025-08-05T16:43:00.132Z" },
    { url = "https://files.pythonhosted.org/packages/4e/86/c2e0f627168fcf61781a8f72cab06b228fe1da4b9fa4ab39cfb791b5836b/audioop_lts-0.2.2-cp314-cp314t-macosx_11_0_arm64.whl", hash = "sha256:5b00be98ccd0fc123dcfad31d50030d25fcf31488cde9e61692029cd7394733b", size = 27332, upload-time = "2025-08-05T16:43:01.666Z" },
    { url = "https://files.pythonhosted.org/packages/c7/bd/35dce665255434f54e5307de39e31912a6f902d4572da7c37582809de14f/audioop_lts-0.2.2-cp314-cp314t-manylinux1_x86_64.manylinux_2_28_x86_64.manylinux_2_5_x86_64.whl", hash = "sha256:a6d2e0f9f7a69403e388894d4ca5ada5c47230716a03f2847cfc7bd1ecb589d6", size = 92396, upload-time = "2025-08-05T16:43:02.991Z" },
    { url = "https://files.pythonhosted.org/packages/2d/d2/deeb9f51def1437b3afa35aeb729d577c04bcd89394cb56f9239a9f50b6f/audioop_lts-0.2.2-cp314-cp314t-manylinux2014_aarch64.manylinux_2_17_aarch64.manylinux_2_28_aarch64.whl", hash = "sha256:f9b0b8a03ef474f56d1a842af1a2e01398b8f7654009823c6d9e0ecff4d5cfbf", size = 91811, upload-time = "2025-08-05T16:43:04.096Z" },
    { url = "https://files.pythonhosted.org/packages/76/3b/09f8b35b227cee28cc8231e296a82759ed80c1a08e349811d69773c48426/audioop_lts-0.2.2-cp314-cp314t-manylinux2014_ppc64le.manylinux_2_17_ppc64le.manylinux_2_28_ppc64le.whl", hash = "sha256:2b267b70747d82125f1a021506565bdc5609a2b24bcb4773c16d79d2bb260bbd", size = 100483, upload-time = "2025-08-05T16:43:05.085Z" },
    { url = "https://files.pythonhosted.org/packages/0b/15/05b48a935cf3b130c248bfdbdea71ce6437f5394ee8533e0edd7cfd93d5e/audioop_lts-0.2.2-cp314-cp314t-manylinux2014_s390x.manylinux_2_17_s390x.manylinux_2_28_s390x.whl", hash = "sha256:0337d658f9b81f4cd0fdb1f47635070cc084871a3d4646d9de74fdf4e7c3d24a", size = 103885, upload-time = "2025-08-05T16:43:06.197Z" },
    { url = "https://files.pythonhosted.org/packages/83/80/186b7fce6d35b68d3d739f228dc31d60b3412105854edb975aa155a58339/audioop_lts-0.2.2-cp314-cp314t-manylinux_2_31_riscv64.manylinux_2_39_riscv64.whl", hash = "sha256:167d3b62586faef8b6b2275c3218796b12621a60e43f7e9d5845d627b9c9b80e", size = 84899, upload-time = "2025-08-05T16:43:07.291Z" },
    { url = "https://files.pythonhosted.org/packages/49/89/c78cc5ac6cb5828f17514fb12966e299c850bc885e80f8ad94e38d450886/audioop_lts-0.2.2-cp314-cp314t-musllinux_1_2_aarch64.whl", hash = "sha256:0d9385e96f9f6da847f4d571ce3cb15b5091140edf3db97276872647ce37efd7", size = 89998, upload-time = "2025-08-05T16:43:08.335Z" },
    { url = "https://files.pythonhosted.org/packages/4c/4b/6401888d0c010e586c2ca50fce4c903d70a6bb55928b16cfbdfd957a13da/audioop_lts-0.2.2-cp314-cp314t-musllinux_1_2_ppc64le.whl", hash = "sha256:48159d96962674eccdca9a3df280e864e8ac75e40a577cc97c5c42667ffabfc5", size = 99046, upload-time = "2025-08-05T16:43:09.367Z" },
    { url = "https://files.pythonhosted.org/packages/de/f8/c874ca9bb447dae0e2ef2e231f6c4c2b0c39e31ae684d2420b0f9e97ee68/audioop_lts-0.2.2-cp314-cp314t-musllinux_1_2_riscv64.whl", hash = "sha256:8fefe5868cd082db1186f2837d64cfbfa78b548ea0d0543e9b28935ccce81ce9", size = 84843, upload-time = "2025-08-05T16:43:10.749Z" },
    { url = "https://files.pythonhosted.org/packages/3e/c0/0323e66f3daebc13fd46b36b30c3be47e3fc4257eae44f1e77eb828c703f/audioop_lts-0.2.2-cp314-cp314t-musllinux_1_2_s390x.whl", hash = "sha256:58cf54380c3884fb49fdd37dfb7a772632b6701d28edd3e2904743c5e1773602", size = 94490, upload-time = "2025-08-05T16:43:12.131Z" },
    { url = "https://files.pythonhosted.org/packages/98/6b/acc7734ac02d95ab791c10c3f17ffa3584ccb9ac5c18fd771c638ed6d1f5/audioop_lts-0.2.2-cp314-cp314t-musllinux_1_2_x86_64.whl", hash = "sha256:088327f00488cdeed296edd9215ca159f3a5a5034741465789cad403fcf4bec0", size = 92297, upload-time = "2025-08-05T16:43:13.139Z" },
    { url = "https://files.pythonhosted.org/packages/13/c3/c3dc3f564ce6877ecd2a05f8d751b9b27a8c320c2533a98b0c86349778d0/audioop_lts-0.2.2-cp314-cp314t-win32.whl", hash = "sha256:068aa17a38b4e0e7de771c62c60bbca2455924b67a8814f3b0dee92b5820c0b3", size = 27331, upload-time = "2025-08-05T16:43:14.19Z" },
    { url = "https://files.pythonhosted.org/packages/72/bb/b4608537e9ffcb86449091939d52d24a055216a36a8bf66b936af8c3e7ac/audioop_lts-0.2.2-cp314-cp314t-win_amd64.whl", hash = "sha256:a5bf613e96f49712073de86f20dbdd4014ca18efd4d34ed18c75bd808337851b", size = 31697, upload-time = "2025-08-05T16:43:15.193Z" },
    { url = "https://files.pythonhosted.org/packages/f6/22/91616fe707a5c5510de2cac9b046a30defe7007ba8a0c04f9c08f27df312/audioop_lts-0.2.2-cp314-cp314t-win_arm64.whl", hash = "sha256:b492c3b040153e68b9fdaff5913305aaaba5bb433d8a7f73d5cf6a64ed3cc1dd", size = 25206, upload-time = "2025-08-05T16:43:16.444Z" },
]

[[package]]
name = "discord-py"
version = "2.6.4"
source = { registry = "https://pypi.org/simple" }
dependencies = [
    { name = "aiohttp" },
    { name = "audioop-lts" },
]
sdist = { url = "https://files.pythonhosted.org/packages/ce/e7/9b1dbb9b2fc07616132a526c05af23cfd420381793968a189ee08e12e35f/discord_py-2.6.4.tar.gz", hash = "sha256:44384920bae9b7a073df64ae9b14c8cf85f9274b5ad5d1d07bd5a67539de2da9", size = 1092623, upload-time = "2025-10-08T21:45:43.593Z" }
wheels = [
    { url = "https://files.pythonhosted.org/packages/ca/ae/3d3a89b06f005dc5fa8618528dde519b3ba7775c365750f7932b9831ef05/discord_py-2.6.4-py3-none-any.whl", hash = "sha256:2783b7fb7f8affa26847bfc025144652c294e8fe6e0f8877c67ed895749eb227", size = 1209284, upload-time = "2025-10-08T21:45:41.679Z" },
]

[[package]]
name = "frozenlist"
version = "1.4.1"
source = { registry = "https://pypi.org/simple" }
sdist = { url = "https://files.pythonhosted.org/packages/cf/3d/2102257e7acad73efc4a0c306ad3953f68c504c16982bbdfee3ad75d8085/frozenlist-1.4.1.tar.gz", hash = "sha256:c037a86e8513059a2613aaba4d817bb90b9d9b6b69aace3ce9c877e8c8ed402b", size = 37820, upload-time = "2023-12-15T08:42:23.355Z" }
wheels = [
    { url = "https://files.pythonhosted.org/packages/83/10/466fe96dae1bff622021ee687f68e5524d6392b0a2f80d05001cd3a451ba/frozenlist-1.4.1-py3-none-any.whl", hash = "sha256:04ced3e6a46b4cfffe20f9ae482818e34eba9b5fb0ce4056e4cc9b6e212d09b7", size = 11552, upload-time = "2023-12-15T08:42:22.294Z" },
]

[[package]]
name = "idna"
version = "3.7"
source = { registry = "https://pypi.org/simple" }
sdist = { url = "https://files.pythonhosted.org/packages/21/ed/f86a79a07470cb07819390452f178b3bef1d375f2ec021ecfc709fc7cf07/idna-3.7.tar.gz", hash = "sha256:028ff3aadf0609c1fd278d8ea3089299412a7a8b9bd005dd08b9f8285bcb5cfc", size = 189575, upload-time = "2024-04-11T03:34:43.276Z" }
wheels = [
    { url = "https://files.pythonhosted.org/packages/e5/3e/741d8c82801c347547f8a2a06aa57dbb1992be9e948df2ea0eda2c8b79e8/idna-3.7-py3-none-any.whl", hash = "sha256:82fee1fc78add43492d3a1898bfa6d8a904cc97d8427f683ed8e798d07761aa0", size = 66836, upload-time = "2024-04-11T03:34:41.447Z" },
]

[[package]]
name = "multidict"
version = "6.0.5"
source = { registry = "https://pypi.org/simple" }
sdist = { url = "https://files.pythonhosted.org/packages/f9/79/722ca999a3a09a63b35aac12ec27dfa8e5bb3a38b0f857f7a1a209a88836/multidict-6.0.5.tar.gz", hash = "sha256:f7e301075edaf50500f0b341543c41194d8df3ae5caf4702f2095f3ca73dd8da", size = 59867, upload-time = "2024-02-01T20:46:01.455Z" }
wheels = [
    { url = "https://files.pythonhosted.org/packages/fa/a2/17e1e23c6be0a916219c5292f509360c345b5fa6beeb50d743203c27532c/multidict-6.0.5-py3-none-any.whl", hash = "sha256:0d63c74e3d7ab26de115c49bffc92cc77ed23395303d496eae515d4204a625e7", size = 9729, upload-time = "2024-02-01T20:45:59.309Z" },
]

[[package]]
name = "pinformation-bot"
version = "0.0.1"
source = { editable = "." }
dependencies = [
    { name = "discord-py" },
    { name = "python-dotenv" },
]

[package.metadata]
requires-dist = [
    { name = "discord-py", specifier = "~=2.6.4" },
    { name = "python-dotenv" },
]

[[package]]
name = "python-dotenv"
version = "1.0.1"
source = { registry = "https://pypi.org/simple" }
sdist = { url = "https://files.pythonhosted.org/packages/bc/57/e84d88dfe0aec03b7a2d4327012c1627ab5f03652216c63d49846d7a6c58/python-dotenv-1.0.1.tar.gz", hash = "sha256:e324ee90a023d808f1959c46bcbc04446a10ced277783dc6ee09987c37ec10ca", size = 39115, upload-time = "2024-01-23T06:33:00.505Z" }
wheels = [
    { url = "https://files.pythonhosted.org/packages/6a/3e/b68c118422ec867fa7ab88444e1274aa40681c606d59ac27de5a5588f082/python_dotenv-1.0.1-py3-none-any.whl", hash = "sha256:f7b63ef50f1b690dddf550d03497b66d609393b40b564ed0d674909a68ebf16a", size = 19863, upload-time = "2024-01-23T06:32:58.246Z" },
]

[[package]]
name = "yarl"
version = "1.9.4"
source = { registry = "https://pypi.org/simple" }
dependencies = [
    { name = "idna" },
    { name = "multidict" },
]
sdist = { url = "https://files.pythonhosted.org/packages/e0/ad/bedcdccbcbf91363fd425a948994f3340924145c2bc8ccb296f4a1e52c28/yarl-1.9.4.tar.gz", hash = "sha256:566db86717cf8080b99b58b083b773a908ae40f06681e87e589a976faf8246bf", size = 141869, upload-time = "2023-12-06T12:53:04.652Z" }
wheels = [
    { url = "https://files.pythonhosted.org/packages/4d/05/4d79198ae568a92159de0f89e710a8d19e3fa267b719a236582eee921f4a/yarl-1.9.4-py3-none-any.whl", hash = "sha256:928cecb0ef9d5a7946eb6ff58417ad2fe9375762382f1bf5c55e61645f2c43ad", size = 31638, upload-time = "2023-12-06T12:53:02.709Z" },
]
